github.com/darklab8/fl-data-discovery v0.3.0 h1:+mG8QXOHSLRCB16jA+oK+Z+ONGBrE5tmaV1FRr7ZZjQ=
github.com/darklab8/fl-data-discovery v0.3.0/go.mod h1:SgRh0N3cWrhslXVkc5LJXK52Mw4+Fdsbmv+0qkNJ6QI=
github.com/darklab8/go-typelog v0.6.2 h1:R6urrs4zgtjWfAngB7UclxpkVMA1uW3hEw7PEgSU7pU=
github.com/darklab8/go-typelog v0.6.2/go.mod h1:RPymaCKD04g9lpGNYTQ2RarSYD8XaAgTZKN5J9fGRGA=
github.com/darklab8/go-utils v0.21.0 h1:SsHSYj7DFmyUV2itLSG2LB+mRanwmywzpSyKxrStCJ4=
github.com/darklab8/go-utils v0.21.0/go.mod h1:3PLk/FOPr+zgkw0ZOZbsT4C+nP/TE8ImfSosca7maLA=
github.com/davecgh/go-spew v1.1.1 h1:vj9j/u1bqnvCEfJOwUhtlOARqs3+rkHYY13jYWTU97c=
github.com/davecgh/go-spew v1.1.1/go.mod h1:J7Y8YcW2NihsgmVo/mv3lAwl/skON4iLHjSsI+c5H38=
github.com/pmezard/go-difflib v1.0.0 h1:4DBwDE0NGyQoBHbLQYPwSUPoCMWR5BEzIk/f1lZbAQM=
github.com/pmezard/go-difflib v1.0.0/go.mod h1:iKH77koFhYxTK1pcRnkKkqfTogsbg7gZNVY4sRDYZ/4=
github.com/stretchr/testify v1.8.4 h1:CcVxjf3Q8PM0mHUKJCdn+eZZtm5yQwehR5yeSVQQcUk=
github.com/stretchr/testify v1.8.4/go.mod h1:sz/lmYIOXD/1dqDmKjjqLyZ2RngseejIcXlSw2iwfAo=
gopkg.in/check.v1 v0.0.0-20161208181325-20d25e280405 h1:yhCVgyC4o1eVCa2tZl7eS0r+SDo693bJlVdllGtEeKM=
gopkg.in/check.v1 v0.0.0-20161208181325-20d25e280405/go.mod h1:Co6ibVJAznAaIkqp8huTwlJQCZ016jof/cbN4VW5Yz0=
gopkg.in/yaml.v3 v3.0.1 h1:fxVm/GzAzEWqLHuvctI91KS9hhNmmWOoWu0XTYJS7CA=
gopkg.in/yaml.v3 v3.0.1/go.mod h1:K4uyk7z7BCEPqu6E+C64Yfv1cQ7kz7rIZviUmN+EgEM=
