<?xml version="1.0" encoding="utf-8"?>
<Project ToolsVersion="4.0" xmlns="http://schemas.microsoft.com/developer/msbuild/2003">
  <ItemGroup>
    <ClCompile Include="Chat.cpp" />
    <ClCompile Include="Cloak.cpp" />
    <ClCompile Include="Commands.cpp" />
    <ClCompile Include="Crafting.cpp" />
    <ClCompile Include="Discord.cpp" />
    <ClCompile Include="Docking.cpp" />
    <ClCompile Include="EquipWhiteList.cpp" />
    <ClCompile Include="GroupRep.cpp" />
    <ClCompile Include="Hooks.cpp" />
    <ClCompile Include="IFF.cpp" />
    <ClCompile Include="LootBoxes.cpp" />
    <ClCompile Include="Main.cpp" />
    <ClCompile Include="Mark.cpp" />
    <ClCompile Include="Modules.cpp" />
    <ClCompile Include="PopUp.cpp" />
    <ClCompile Include="Insurance.cpp" />
    <ClCompile Include="SendCash.cpp" />
    <ClCompile Include="SpawnProtection.cpp" />
    <ClCompile Include="Storage.cpp" />
    <ClCompile Include="Timers.cpp" />
    <ClCompile Include="Tools.cpp" />
    <ClCompile Include="SolarInvincibility.cpp" />
    <ClCompile Include="SolarSpawn.cpp" />
    <ClCompile Include="BatsBotsShipTransferFix.cpp" />
    <ClCompile Include="ConnectionLimiter.cpp" />
    <ClCompile Include="missions\actions\ActActTrigger.cpp">
      <Filter>Missions\Actions</Filter>
    </ClCompile>
    <ClCompile Include="missions\actions\ActChangeState.cpp">
      <Filter>Missions\Actions</Filter>
    </ClCompile>
    <ClCompile Include="missions\actions\ActDestroy.cpp">
      <Filter>Missions\Actions</Filter>
    </ClCompile>
    <ClCompile Include="missions\actions\ActLightFuse.cpp">
      <Filter>Missions\Actions</Filter>
    </ClCompile>
    <ClCompile Include="missions\actions\ActSpawnSolar.cpp">
      <Filter>Missions\Actions</Filter>
    </ClCompile>
    <ClCompile Include="missions\conditions\CndDestroyed.cpp">
      <Filter>Missions\Conditions</Filter>
    </ClCompile>
    <ClCompile Include="missions\conditions\CndTrue.cpp">
      <Filter>Missions\Conditions</Filter>
    </ClCompile>
    <ClCompile Include="missions\Mission.cpp">
      <Filter>Missions</Filter>
    </ClCompile>
    <ClCompile Include="missions\Missions.cpp">
      <Filter>Missions</Filter>
    </ClCompile>
    <ClCompile Include="missions\Trigger.cpp">
      <Filter>Missions</Filter>
    </ClCompile>
  </ItemGroup>
  <ItemGroup>
    <ClInclude Include="Main.h" />
    <ClInclude Include="missions\actions\ActActTrigger.h">
      <Filter>Missions\Actions</Filter>
    </ClInclude>
    <ClInclude Include="missions\actions\ActActTriggerArch.h">
      <Filter>Missions\Actions</Filter>
    </ClInclude>
    <ClInclude Include="missions\actions\ActChangeState.h">
      <Filter>Missions\Actions</Filter>
    </ClInclude>
    <ClInclude Include="missions\actions\ActChangeStateArch.h">
      <Filter>Missions\Actions</Filter>
    </ClInclude>
    <ClInclude Include="missions\actions\ActDestroy.h">
      <Filter>Missions\Actions</Filter>
    </ClInclude>
    <ClInclude Include="missions\actions\ActDestroyArch.h">
      <Filter>Missions\Actions</Filter>
    </ClInclude>
    <ClInclude Include="missions\actions\Action.h">
      <Filter>Missions\Actions</Filter>
    </ClInclude>
    <ClInclude Include="missions\actions\ActLightFuse.h">
      <Filter>Missions\Actions</Filter>
    </ClInclude>
    <ClInclude Include="missions\actions\ActLightFuseArch.h">
      <Filter>Missions\Actions</Filter>
    </ClInclude>
    <ClInclude Include="missions\actions\ActSpawnSolar.h">
      <Filter>Missions\Actions</Filter>
    </ClInclude>
    <ClInclude Include="missions\actions\ActSpawnSolarArch.h">
      <Filter>Missions\Actions</Filter>
    </ClInclude>
    <ClInclude Include="missions\conditions\CndDestroyed.h">
      <Filter>Missions\Conditions</Filter>
    </ClInclude>
    <ClInclude Include="missions\conditions\CndDestroyedArch.h">
      <Filter>Missions\Conditions</Filter>
    </ClInclude>
    <ClInclude Include="missions\conditions\CndTrue.h">
      <Filter>Missions\Conditions</Filter>
    </ClInclude>
    <ClInclude Include="missions\Mission.h">
      <Filter>Missions</Filter>
    </ClInclude>
    <ClInclude Include="missions\MissionArch.h">
      <Filter>Missions</Filter>
    </ClInclude>
    <ClInclude Include="missions\Missions.h">
      <Filter>Missions</Filter>
    </ClInclude>
    <ClInclude Include="missions\MsnSolarArch.h">
      <Filter>Missions</Filter>
    </ClInclude>
    <ClInclude Include="missions\Trigger.h">
      <Filter>Missions</Filter>
    </ClInclude>
    <ClInclude Include="missions\TriggerArch.h">
      <Filter>Missions</Filter>
    </ClInclude>
    <ClInclude Include="missions\conditions\Condition.h">
      <Filter>Missions\Conditions</Filter>
    </ClInclude>
  </ItemGroup>
  <ItemGroup>
    <CopyFileToFolders Include="configs\FLSR-Carrier.cfg" />
    <CopyFileToFolders Include="configs\FLSR-Cloak.cfg" />
    <CopyFileToFolders Include="configs\FLSR-Crafting.cfg" />
    <CopyFileToFolders Include="configs\FLSR-EquipWhiteList.cfg" />
    <CopyFileToFolders Include="configs\FLSR-LootBoxes.cfg" />
    <CopyFileToFolders Include="configs\flsr.cfg" />
    <CopyFileToFolders Include="configs\FLSR-SolarInvincibility.cfg" />
    <CopyFileToFolders Include="configs\FLSR-Solars.cfg" />
  </ItemGroup>
  <ItemGroup>
    <None Include="curl\Makefile.am" />
    <None Include="curl\Makefile.in" />
    <None Include="surdump.zip" />
    <None Include="surupdate.au3" />
    <None Include="surupdate.exe" />
    <None Include="configs\FLSR-Missions.ini">
      <Filter>Missions</Filter>
    </None>
  </ItemGroup>
  <ItemGroup>
    <Filter Include="Missions">
      <UniqueIdentifier>{7bc4a4e5-8a28-4a2f-9032-0ff8ec4bfaba}</UniqueIdentifier>
    </Filter>
    <Filter Include="Missions\Conditions">
      <UniqueIdentifier>{8fe56897-eb60-49c2-930d-ab544a08a5ac}</UniqueIdentifier>
    </Filter>
    <Filter Include="Missions\Actions">
      <UniqueIdentifier>{defee9a7-7d37-48cd-88c1-0c95c1fd8b97}</UniqueIdentifier>
    </Filter>
  </ItemGroup>
</Project>