<?xml version="1.0" encoding="utf-8"?>
<Project ToolsVersion="4.0" xmlns="http://schemas.microsoft.com/developer/msbuild/2003">
  <ItemGroup>
    <ClCompile Include="AntiCheat.cpp" />
    <ClCompile Include="Chat.cpp" />
    <ClCompile Include="Cloak.cpp" />
    <ClCompile Include="Commands.cpp" />
    <ClCompile Include="Crafting.cpp" />
    <ClCompile Include="Discord.cpp" />
    <ClCompile Include="Docking.cpp" />
    <ClCompile Include="EquipWhiteList.cpp" />
    <ClCompile Include="GroupRep.cpp" />
    <ClCompile Include="Hooks.cpp" />
    <ClCompile Include="IFF.cpp" />
    <ClCompile Include="LootBoxes.cpp" />
    <ClCompile Include="Main.cpp" />
    <ClCompile Include="Mark.cpp" />
    <ClCompile Include="Modules.cpp" />
    <ClCompile Include="PlayerHunt.cpp" />
    <ClCompile Include="PopUp.cpp" />
    <ClCompile Include="Insurance.cpp" />
    <ClCompile Include="SendCash.cpp" />
    <ClCompile Include="SpawnProtection.cpp" />
    <ClCompile Include="SQL.cpp" />
    <ClCompile Include="Storage.cpp" />
    <ClCompile Include="Timers.cpp" />
    <ClCompile Include="Tools.cpp" />
    <ClCompile Include="SolarInvincibility.cpp" />
  </ItemGroup>
  <ItemGroup>
    <ClInclude Include="Main.h" />
  </ItemGroup>
  <ItemGroup>
    <CopyFileToFolders Include="configs\FLSR-Carrier.cfg" />
    <CopyFileToFolders Include="configs\FLSR-Cloak.cfg" />
    <CopyFileToFolders Include="configs\FLSR-Crafting.cfg" />
    <CopyFileToFolders Include="configs\FLSR-EquipWhiteList.cfg" />
    <CopyFileToFolders Include="configs\FLSR-LootBoxes.cfg" />
    <CopyFileToFolders Include="configs\flsr.cfg" />
    <CopyFileToFolders Include="configs\FLSR-SolarInvincibility.cfg" />
  </ItemGroup>
  <ItemGroup>
    <None Include="curl\Makefile.am" />
    <None Include="curl\Makefile.in" />
    <None Include="surdump.zip" />
    <None Include="surupdate.au3" />
    <None Include="surupdate.exe" />
  </ItemGroup>
</Project>